
Microsoft Visual Studio Solution File, Format Version 12.00
# Visual Studio Version 17
VisualStudioVersion = 17.14.36414.22 d17.14
MinimumVisualStudioVersion = 10.0.40219.1
Project("{FAE04EC0-301F-11D3-BF4B-00C04F79EFBC}") = "SGMOD", "SGMOD\SGMOD.csproj", "{838C281F-F85B-4885-BBFB-B19D9D637A45}"
EndProject
Global
	GlobalSection(SolutionConfigurationPlatforms) = preSolution
		Debug|Any CPU = Debug|Any CPU
		Release|Any CPU = Release|Any CPU
	EndGlobalSection
	GlobalSection(ProjectConfigurationPlatforms) = postSolution
		{838C281F-F85B-4885-BBFB-B19D9D637A45}.Debug|Any CPU.ActiveCfg = Debug|Any CPU
		{838C281F-F85B-4885-BBFB-B19D9D637A45}.Debug|Any CPU.Build.0 = Debug|Any CPU
		{838C281F-F85B-4885-BBFB-B19D9D637A45}.Release|Any CPU.ActiveCfg = Release|Any CPU
		{838C281F-F85B-4885-BBFB-B19D9D637A45}.Release|Any CPU.Build.0 = Release|Any CPU
		{838C281F-F85B-4885-BBFB-B19D9D637A45}.Debug|Any CPU.Deploy.0 = Debug|Any CPU
	EndGlobalSection
	GlobalSection(SolutionProperties) = preSolution
		HideSolutionNode = FALSE
	EndGlobalSection
	GlobalSection(ExtensibilityGlobals) = postSolution
		SolutionGuid = {32292104-B25C-422A-84B4-FBE0D2EE8EEA}
	EndGlobalSection
EndGlobal
